
Microsoft Visual Studio Solution File, Format Version 11.00
# Visual Studio 2010
Project("{E24C65DC-7377-472B-9ABA-BC803B73C61A}") = "dev.lorddesign.net", "http://dev.lorddesign.net", "{CAC4B538-91B0-41B9-8B53-BAD86E7ABD22}"
	ProjectSection(WebsiteProperties) = preProject
		TargetFrameworkMoniker = ".NETFramework,Version%3Dv4.0"
		Debug.AspNetCompiler.VirtualPath = "/dev.lorddesign.net"
		Debug.AspNetCompiler.PhysicalPath = "D:\svn\lorddesign\trunk\www\"
		Debug.AspNetCompiler.TargetPath = "PrecompiledWeb\dev.lorddesign.net\"
		Debug.AspNetCompiler.Updateable = "true"
		Debug.AspNetCompiler.ForceOverwrite = "true"
		Debug.AspNetCompiler.FixedNames = "false"
		Debug.AspNetCompiler.Debug = "True"
		Release.AspNetCompiler.VirtualPath = "/dev.lorddesign.net"
		Release.AspNetCompiler.PhysicalPath = "D:\svn\lorddesign\trunk\www\"
		Release.AspNetCompiler.TargetPath = "PrecompiledWeb\dev.lorddesign.net\"
		Release.AspNetCompiler.Updateable = "true"
		Release.AspNetCompiler.ForceOverwrite = "true"
		Release.AspNetCompiler.FixedNames = "false"
		Release.AspNetCompiler.Debug = "False"
		SlnRelativePath = "D:\svn\lorddesign\trunk\www\"
	EndProjectSection
EndProject
Global
	GlobalSection(SolutionConfigurationPlatforms) = preSolution
		Debug|Any CPU = Debug|Any CPU
	EndGlobalSection
	GlobalSection(ProjectConfigurationPlatforms) = postSolution
		{CAC4B538-91B0-41B9-8B53-BAD86E7ABD22}.Debug|Any CPU.ActiveCfg = Debug|Any CPU
		{CAC4B538-91B0-41B9-8B53-BAD86E7ABD22}.Debug|Any CPU.Build.0 = Debug|Any CPU
	EndGlobalSection
	GlobalSection(SolutionProperties) = preSolution
		HideSolutionNode = FALSE
	EndGlobalSection
EndGlobal
